{
  "projects": [
    {
      "projectId": "c8HQ4QDrdFixJwisZHdvQZ",
      "version": "latest",
      "dependencies": {},
      "lang": "ts",
      "fileLocks": [
        {
          "type": "globalVariant",
          "assetId": "7pz1KgBeTPEV",
          "checksum": "c4e47690738e40fc62cfd7d1e47a5d9a"
        },
        {
          "type": "renderModule",
          "assetId": "dAzj87bk-hfa",
          "checksum": "ba0620182927c9d88cdea0db8e52f117"
        },
        {
          "type": "cssRules",
          "assetId": "dAzj87bk-hfa",
          "checksum": "ba0620182927c9d88cdea0db8e52f117"
        },
        {
          "type": "renderModule",
          "assetId": "DmOz5TzcbjbY",
          "checksum": "e36a637f33132cb381f9ef2c957e089a"
        },
        {
          "type": "cssRules",
          "assetId": "DmOz5TzcbjbY",
          "checksum": "e36a637f33132cb381f9ef2c957e089a"
        },
        {
          "type": "renderModule",
          "assetId": "KaXI-_rb8Hbz",
          "checksum": "8cf33db263a9a5f599d80c1c18745285"
        },
        {
          "type": "cssRules",
          "assetId": "KaXI-_rb8Hbz",
          "checksum": "8cf33db263a9a5f599d80c1c18745285"
        },
        {
          "type": "renderModule",
          "assetId": "xA16lXqVu7N9",
          "checksum": "dff1b890a3f6fe4775e9b82dc9f9ed53"
        },
        {
          "type": "cssRules",
          "assetId": "xA16lXqVu7N9",
          "checksum": "dff1b890a3f6fe4775e9b82dc9f9ed53"
        },
        {
          "type": "icon",
          "assetId": "FJzGDMAH2bam",
          "checksum": "34dc4cf77b54b45ae5f0e5e52bfc05f9"
        },
        {
          "type": "icon",
          "assetId": "Rjr6r3-9QxlW",
          "checksum": "f75021e5c3dafa5330f9345daea70d5c"
        },
        {
          "type": "icon",
          "assetId": "qWMN0DGk7j4M",
          "checksum": "a350b3579fa63b4c02f9a25d91cd6171"
        },
        {
          "type": "renderModule",
          "assetId": "eqWxOKkmGwmo",
          "checksum": "cb96735d3308b68d38162e76640b37db"
        },
        {
          "type": "cssRules",
          "assetId": "eqWxOKkmGwmo",
          "checksum": "cb96735d3308b68d38162e76640b37db"
        },
        {
          "type": "icon",
          "assetId": "9pk3duf9qDoB",
          "checksum": "7b41fc3ef9140b319111ad493c230a12"
        },
        {
          "type": "icon",
          "assetId": "qxjluSiO9lzO",
          "checksum": "8233c17af99e7fcc420c0e0d895cc997"
        },
        {
          "type": "renderModule",
          "assetId": "mWZvhL92Ok8N",
          "checksum": "26de15d494283b5306508983b3939ca5"
        },
        {
          "type": "cssRules",
          "assetId": "mWZvhL92Ok8N",
          "checksum": "26de15d494283b5306508983b3939ca5"
        },
        {
          "type": "renderModule",
          "assetId": "-v5Jl9daHi4w",
          "checksum": "d68c05a889a6befd40ceed88a03676a4"
        },
        {
          "type": "cssRules",
          "assetId": "-v5Jl9daHi4w",
          "checksum": "d68c05a889a6befd40ceed88a03676a4"
        },
        {
          "type": "renderModule",
          "assetId": "A2d7WnFA90Fs",
          "checksum": "02080f4e7c648af64c5277d62e367d48"
        },
        {
          "type": "cssRules",
          "assetId": "A2d7WnFA90Fs",
          "checksum": "02080f4e7c648af64c5277d62e367d48"
        },
        {
          "type": "renderModule",
          "assetId": "sWar1oSBzZRT",
          "checksum": "2743d094aff796e5b60c31278f68a5f7"
        },
        {
          "type": "cssRules",
          "assetId": "sWar1oSBzZRT",
          "checksum": "2743d094aff796e5b60c31278f68a5f7"
        },
        {
          "type": "renderModule",
          "assetId": "bchzmV_R7EgE",
          "checksum": "5e4d6c370b2a6ee19128011d9102c50b"
        },
        {
          "type": "cssRules",
          "assetId": "bchzmV_R7EgE",
          "checksum": "5e4d6c370b2a6ee19128011d9102c50b"
        },
        {
          "type": "renderModule",
          "assetId": "I77fzhsyDgqz",
          "checksum": "e95bd91ef1b80b84dc1fb8bdb6421178"
        },
        {
          "type": "cssRules",
          "assetId": "I77fzhsyDgqz",
          "checksum": "e95bd91ef1b80b84dc1fb8bdb6421178"
        },
        {
          "type": "renderModule",
          "assetId": "aWk_EbXAGcGs",
          "checksum": "022200940e3f0e2ee360a52ba5365403"
        },
        {
          "type": "cssRules",
          "assetId": "aWk_EbXAGcGs",
          "checksum": "022200940e3f0e2ee360a52ba5365403"
        },
        {
          "type": "renderModule",
          "assetId": "HsD9axl_NxPj",
          "checksum": "a405b4ffae3c934bdb5a52ed03340ea6"
        },
        {
          "type": "cssRules",
          "assetId": "HsD9axl_NxPj",
          "checksum": "a405b4ffae3c934bdb5a52ed03340ea6"
        },
        {
          "assetId": "c8HQ4QDrdFixJwisZHdvQZ",
          "type": "projectCss",
          "checksum": "131e145ad9555c02bfdb4323085044c0"
        }
      ],
      "codegenVersion": "0.0.1"
    }
  ],
  "cliVersion": "0.1.326"
}
