{
  "projects": [
    {
      "projectId": "c8HQ4QDrdFixJwisZHdvQZ",
      "version": "latest",
      "dependencies": {},
      "lang": "ts",
      "fileLocks": [
        {
          "type": "globalVariant",
          "assetId": "7pz1KgBeTPEV",
          "checksum": "c4e47690738e40fc62cfd7d1e47a5d9a"
        },
        {
          "type": "renderModule",
          "assetId": "dAzj87bk-hfa",
          "checksum": "cd0baa8d0c5ff8636b9fbff7e47beb19"
        },
        {
          "type": "cssRules",
          "assetId": "dAzj87bk-hfa",
          "checksum": "cd0baa8d0c5ff8636b9fbff7e47beb19"
        },
        {
          "assetId": "c8HQ4QDrdFixJwisZHdvQZ",
          "type": "projectCss",
          "checksum": "131e145ad9555c02bfdb4323085044c0"
        },
        {
          "type": "renderModule",
          "assetId": "DmOz5TzcbjbY",
          "checksum": "e36a637f33132cb381f9ef2c957e089a"
        },
        {
          "type": "cssRules",
          "assetId": "DmOz5TzcbjbY",
          "checksum": "e36a637f33132cb381f9ef2c957e089a"
        },
        {
          "type": "renderModule",
          "assetId": "KaXI-_rb8Hbz",
          "checksum": "8cf33db263a9a5f599d80c1c18745285"
        },
        {
          "type": "cssRules",
          "assetId": "KaXI-_rb8Hbz",
          "checksum": "8cf33db263a9a5f599d80c1c18745285"
        },
        {
          "type": "renderModule",
          "assetId": "xA16lXqVu7N9",
          "checksum": "89c080c9368b3861492735b8a3e6fce9"
        },
        {
          "type": "cssRules",
          "assetId": "xA16lXqVu7N9",
          "checksum": "89c080c9368b3861492735b8a3e6fce9"
        },
        {
          "type": "icon",
          "assetId": "FJzGDMAH2bam",
          "checksum": "34dc4cf77b54b45ae5f0e5e52bfc05f9"
        },
        {
          "type": "icon",
          "assetId": "Rjr6r3-9QxlW",
          "checksum": "f75021e5c3dafa5330f9345daea70d5c"
        },
        {
          "type": "icon",
          "assetId": "qWMN0DGk7j4M",
          "checksum": "a350b3579fa63b4c02f9a25d91cd6171"
        }
      ],
      "codegenVersion": "0.0.1"
    }
  ],
  "cliVersion": "0.1.326"
}
