{
  "projects": [
    {
      "projectId": "c8HQ4QDrdFixJwisZHdvQZ",
      "version": "latest",
      "dependencies": {},
      "lang": "ts",
      "fileLocks": [
        {
          "type": "globalVariant",
          "assetId": "7pz1KgBeTPEV",
          "checksum": "c4e47690738e40fc62cfd7d1e47a5d9a"
        },
        {
          "type": "renderModule",
          "assetId": "dAzj87bk-hfa",
          "checksum": "b6b698762f1726cc71c8eb8b85809a04"
        },
        {
          "type": "cssRules",
          "assetId": "dAzj87bk-hfa",
          "checksum": "b6b698762f1726cc71c8eb8b85809a04"
        },
        {
          "assetId": "c8HQ4QDrdFixJwisZHdvQZ",
          "type": "projectCss",
          "checksum": "9e3c407c98c542e229403666406642ce"
        }
      ],
      "codegenVersion": "0.0.1"
    }
  ],
  "cliVersion": "0.1.326"
}
